// !$*UTF8*$!
{
	archiveVersion = 1;
	classes = {
	};
	objectVersion = 55;
	objects = {

/* Begin PBXBuildFile section */
		35149A8528C0827D00F2C4BD /* MainViewController.swift in Sources */ = {isa = PBXBuildFile; fileRef = 35149A8428C0827D00F2C4BD /* MainViewController.swift */; };
		35149A8728C0828A00F2C4BD /* MainView.swift in Sources */ = {isa = PBXBuildFile; fileRef = 35149A8628C0828A00F2C4BD /* MainView.swift */; };
		35149A8928C0829300F2C4BD /* BaseView.swift in Sources */ = {isa = PBXBuildFile; fileRef = 35149A8828C0829300F2C4BD /* BaseView.swift */; };
		35149A8B28C0829C00F2C4BD /* BaseViewController.swift in Sources */ = {isa = PBXBuildFile; fileRef = 35149A8A28C0829C00F2C4BD /* BaseViewController.swift */; };
		35149A9028C083DA00F2C4BD /* SnapKit in Frameworks */ = {isa = PBXBuildFile; productRef = 35149A8F28C083DA00F2C4BD /* SnapKit */; };
		35149A9328C083FC00F2C4BD /* Then in Frameworks */ = {isa = PBXBuildFile; productRef = 35149A9228C083FC00F2C4BD /* Then */; };
		35149A9628C0844800F2C4BD /* Realm in Frameworks */ = {isa = PBXBuildFile; productRef = 35149A9528C0844800F2C4BD /* Realm */; };
		35149A9828C0844800F2C4BD /* RealmSwift in Frameworks */ = {isa = PBXBuildFile; productRef = 35149A9728C0844800F2C4BD /* RealmSwift */; };
		35149A9A28C10F8600F2C4BD /* WelcomeViewController.swift in Sources */ = {isa = PBXBuildFile; fileRef = 35149A9928C10F8600F2C4BD /* WelcomeViewController.swift */; };
		35149A9C28C10F9300F2C4BD /* WelcomeView.swift in Sources */ = {isa = PBXBuildFile; fileRef = 35149A9B28C10F9300F2C4BD /* WelcomeView.swift */; };
		35149A9F28C11C8800F2C4BD /* UserDefault.swift in Sources */ = {isa = PBXBuildFile; fileRef = 35149A9E28C11C8800F2C4BD /* UserDefault.swift */; };
		35149AA128C129DB00F2C4BD /* MainTableViewCell.swift in Sources */ = {isa = PBXBuildFile; fileRef = 35149AA028C129DB00F2C4BD /* MainTableViewCell.swift */; };
		35149AA328C12A1C00F2C4BD /* ReusableProtocol.swift in Sources */ = {isa = PBXBuildFile; fileRef = 35149AA228C12A1C00F2C4BD /* ReusableProtocol.swift */; };
		35149AA528C17AE200F2C4BD /* MainModel.swift in Sources */ = {isa = PBXBuildFile; fileRef = 35149AA428C17AE200F2C4BD /* MainModel.swift */; };
		35149AA728C1803900F2C4BD /* WriteViewController.swift in Sources */ = {isa = PBXBuildFile; fileRef = 35149AA628C1803900F2C4BD /* WriteViewController.swift */; };
		35149AA928C1804A00F2C4BD /* WriteView.swift in Sources */ = {isa = PBXBuildFile; fileRef = 35149AA828C1804A00F2C4BD /* WriteView.swift */; };
		3518633F28C1EA6E0098D7A1 /* memoModel.swift in Sources */ = {isa = PBXBuildFile; fileRef = 3518633E28C1EA6E0098D7A1 /* memoModel.swift */; };
		3518634328C1F9970098D7A1 /* IQKeyboardManagerSwift in Frameworks */ = {isa = PBXBuildFile; productRef = 3518634228C1F9970098D7A1 /* IQKeyboardManagerSwift */; };
		3551E1DC28C5D1D80068157C /* RealmManager.swift in Sources */ = {isa = PBXBuildFile; fileRef = 3551E1DB28C5D1D80068157C /* RealmManager.swift */; };
		35B393E928BFB306000008C9 /* AppDelegate.swift in Sources */ = {isa = PBXBuildFile; fileRef = 35B393E828BFB306000008C9 /* AppDelegate.swift */; };
		35B393EB28BFB306000008C9 /* SceneDelegate.swift in Sources */ = {isa = PBXBuildFile; fileRef = 35B393EA28BFB306000008C9 /* SceneDelegate.swift */; };
		35B393ED28BFB306000008C9 /* ViewController.swift in Sources */ = {isa = PBXBuildFile; fileRef = 35B393EC28BFB306000008C9 /* ViewController.swift */; };
		35B393F028BFB306000008C9 /* Main.storyboard in Resources */ = {isa = PBXBuildFile; fileRef = 35B393EE28BFB306000008C9 /* Main.storyboard */; };
		35B393F228BFB308000008C9 /* Assets.xcassets in Resources */ = {isa = PBXBuildFile; fileRef = 35B393F128BFB308000008C9 /* Assets.xcassets */; };
		35B393F528BFB308000008C9 /* LaunchScreen.storyboard in Resources */ = {isa = PBXBuildFile; fileRef = 35B393F328BFB308000008C9 /* LaunchScreen.storyboard */; };
/* End PBXBuildFile section */

/* Begin PBXFileReference section */
		35149A8428C0827D00F2C4BD /* MainViewController.swift */ = {isa = PBXFileReference; lastKnownFileType = sourcecode.swift; path = MainViewController.swift; sourceTree = "<group>"; };
		35149A8628C0828A00F2C4BD /* MainView.swift */ = {isa = PBXFileReference; lastKnownFileType = sourcecode.swift; path = MainView.swift; sourceTree = "<group>"; };
		35149A8828C0829300F2C4BD /* BaseView.swift */ = {isa = PBXFileReference; lastKnownFileType = sourcecode.swift; path = BaseView.swift; sourceTree = "<group>"; };
		35149A8A28C0829C00F2C4BD /* BaseViewController.swift */ = {isa = PBXFileReference; lastKnownFileType = sourcecode.swift; path = BaseViewController.swift; sourceTree = "<group>"; };
		35149A9928C10F8600F2C4BD /* WelcomeViewController.swift */ = {isa = PBXFileReference; lastKnownFileType = sourcecode.swift; path = WelcomeViewController.swift; sourceTree = "<group>"; };
		35149A9B28C10F9300F2C4BD /* WelcomeView.swift */ = {isa = PBXFileReference; lastKnownFileType = sourcecode.swift; path = WelcomeView.swift; sourceTree = "<group>"; };
		35149A9E28C11C8800F2C4BD /* UserDefault.swift */ = {isa = PBXFileReference; lastKnownFileType = sourcecode.swift; path = UserDefault.swift; sourceTree = "<group>"; };
		35149AA028C129DB00F2C4BD /* MainTableViewCell.swift */ = {isa = PBXFileReference; lastKnownFileType = sourcecode.swift; path = MainTableViewCell.swift; sourceTree = "<group>"; };
		35149AA228C12A1C00F2C4BD /* ReusableProtocol.swift */ = {isa = PBXFileReference; lastKnownFileType = sourcecode.swift; path = ReusableProtocol.swift; sourceTree = "<group>"; };
		35149AA428C17AE200F2C4BD /* MainModel.swift */ = {isa = PBXFileReference; lastKnownFileType = sourcecode.swift; path = MainModel.swift; sourceTree = "<group>"; };
		35149AA628C1803900F2C4BD /* WriteViewController.swift */ = {isa = PBXFileReference; lastKnownFileType = sourcecode.swift; path = WriteViewController.swift; sourceTree = "<group>"; };
		35149AA828C1804A00F2C4BD /* WriteView.swift */ = {isa = PBXFileReference; lastKnownFileType = sourcecode.swift; path = WriteView.swift; sourceTree = "<group>"; };
		3518633E28C1EA6E0098D7A1 /* memoModel.swift */ = {isa = PBXFileReference; lastKnownFileType = sourcecode.swift; path = memoModel.swift; sourceTree = "<group>"; };
		3551E1DB28C5D1D80068157C /* RealmManager.swift */ = {isa = PBXFileReference; lastKnownFileType = sourcecode.swift; path = RealmManager.swift; sourceTree = "<group>"; };
		35B393E528BFB306000008C9 /* SeSACexam02.app */ = {isa = PBXFileReference; explicitFileType = wrapper.application; includeInIndex = 0; path = SeSACexam02.app; sourceTree = BUILT_PRODUCTS_DIR; };
		35B393E828BFB306000008C9 /* AppDelegate.swift */ = {isa = PBXFileReference; lastKnownFileType = sourcecode.swift; path = AppDelegate.swift; sourceTree = "<group>"; };
		35B393EA28BFB306000008C9 /* SceneDelegate.swift */ = {isa = PBXFileReference; lastKnownFileType = sourcecode.swift; path = SceneDelegate.swift; sourceTree = "<group>"; };
		35B393EC28BFB306000008C9 /* ViewController.swift */ = {isa = PBXFileReference; lastKnownFileType = sourcecode.swift; path = ViewController.swift; sourceTree = "<group>"; };
		35B393EF28BFB306000008C9 /* Base */ = {isa = PBXFileReference; lastKnownFileType = file.storyboard; name = Base; path = Base.lproj/Main.storyboard; sourceTree = "<group>"; };
		35B393F128BFB308000008C9 /* Assets.xcassets */ = {isa = PBXFileReference; lastKnownFileType = folder.assetcatalog; path = Assets.xcassets; sourceTree = "<group>"; };
		35B393F428BFB308000008C9 /* Base */ = {isa = PBXFileReference; lastKnownFileType = file.storyboard; name = Base; path = Base.lproj/LaunchScreen.storyboard; sourceTree = "<group>"; };
		35B393F628BFB308000008C9 /* Info.plist */ = {isa = PBXFileReference; lastKnownFileType = text.plist.xml; path = Info.plist; sourceTree = "<group>"; };
/* End PBXFileReference section */

/* Begin PBXFrameworksBuildPhase section */
		35B393E228BFB306000008C9 /* Frameworks */ = {
			isa = PBXFrameworksBuildPhase;
			buildActionMask = 2147483647;
			files = (
				3518634328C1F9970098D7A1 /* IQKeyboardManagerSwift in Frameworks */,
				35149A9828C0844800F2C4BD /* RealmSwift in Frameworks */,
				35149A9628C0844800F2C4BD /* Realm in Frameworks */,
				35149A9028C083DA00F2C4BD /* SnapKit in Frameworks */,
				35149A9328C083FC00F2C4BD /* Then in Frameworks */,
			);
			runOnlyForDeploymentPostprocessing = 0;
		};
/* End PBXFrameworksBuildPhase section */

/* Begin PBXGroup section */
		35149A8C28C082A000F2C4BD /* Base */ = {
			isa = PBXGroup;
			children = (
				35149A8828C0829300F2C4BD /* BaseView.swift */,
				35149A8A28C0829C00F2C4BD /* BaseViewController.swift */,
			);
			path = Base;
			sourceTree = "<group>";
		};
		35149A8D28C082A400F2C4BD /* Main */ = {
			isa = PBXGroup;
			children = (
				35149A8428C0827D00F2C4BD /* MainViewController.swift */,
				35149A8628C0828A00F2C4BD /* MainView.swift */,
				35149AA028C129DB00F2C4BD /* MainTableViewCell.swift */,
				35149AA428C17AE200F2C4BD /* MainModel.swift */,
				35149AAA28C1805000F2C4BD /* Write */,
				35149A9D28C10F9800F2C4BD /* Welcome */,
			);
			path = Main;
			sourceTree = "<group>";
		};
		35149A9D28C10F9800F2C4BD /* Welcome */ = {
			isa = PBXGroup;
			children = (
				35149A9928C10F8600F2C4BD /* WelcomeViewController.swift */,
				35149A9B28C10F9300F2C4BD /* WelcomeView.swift */,
			);
			path = Welcome;
			sourceTree = "<group>";
		};
		35149AAA28C1805000F2C4BD /* Write */ = {
			isa = PBXGroup;
			children = (
				35149AA628C1803900F2C4BD /* WriteViewController.swift */,
				35149AA828C1804A00F2C4BD /* WriteView.swift */,
			);
			path = Write;
			sourceTree = "<group>";
		};
		35B393DC28BFB306000008C9 = {
			isa = PBXGroup;
			children = (
				35B393E728BFB306000008C9 /* SeSACexam02 */,
				35B393E628BFB306000008C9 /* Products */,
			);
			sourceTree = "<group>";
		};
		35B393E628BFB306000008C9 /* Products */ = {
			isa = PBXGroup;
			children = (
				35B393E528BFB306000008C9 /* SeSACexam02.app */,
			);
			name = Products;
			sourceTree = "<group>";
		};
		35B393E728BFB306000008C9 /* SeSACexam02 */ = {
			isa = PBXGroup;
			children = (
				35149AA228C12A1C00F2C4BD /* ReusableProtocol.swift */,
				35149A9E28C11C8800F2C4BD /* UserDefault.swift */,
				3551E1DB28C5D1D80068157C /* RealmManager.swift */,
				3518633E28C1EA6E0098D7A1 /* memoModel.swift */,
				35149A8C28C082A000F2C4BD /* Base */,
				35149A8D28C082A400F2C4BD /* Main */,
				35B393E828BFB306000008C9 /* AppDelegate.swift */,
				35B393EA28BFB306000008C9 /* SceneDelegate.swift */,
				35B393EC28BFB306000008C9 /* ViewController.swift */,
				35B393EE28BFB306000008C9 /* Main.storyboard */,
				35B393F128BFB308000008C9 /* Assets.xcassets */,
				35B393F328BFB308000008C9 /* LaunchScreen.storyboard */,
				35B393F628BFB308000008C9 /* Info.plist */,
			);
			path = SeSACexam02;
			sourceTree = "<group>";
		};
/* End PBXGroup section */

/* Begin PBXNativeTarget section */
		35B393E428BFB306000008C9 /* SeSACexam02 */ = {
			isa = PBXNativeTarget;
			buildConfigurationList = 35B393F928BFB308000008C9 /* Build configuration list for PBXNativeTarget "SeSACexam02" */;
			buildPhases = (
				35B393E128BFB306000008C9 /* Sources */,
				35B393E228BFB306000008C9 /* Frameworks */,
				35B393E328BFB306000008C9 /* Resources */,
			);
			buildRules = (
			);
			dependencies = (
			);
			name = SeSACexam02;
			packageProductDependencies = (
				35149A8F28C083DA00F2C4BD /* SnapKit */,
				35149A9228C083FC00F2C4BD /* Then */,
				35149A9528C0844800F2C4BD /* Realm */,
				35149A9728C0844800F2C4BD /* RealmSwift */,
				3518634228C1F9970098D7A1 /* IQKeyboardManagerSwift */,
			);
			productName = SeSACexam02;
			productReference = 35B393E528BFB306000008C9 /* SeSACexam02.app */;
			productType = "com.apple.product-type.application";
		};
/* End PBXNativeTarget section */

/* Begin PBXProject section */
		35B393DD28BFB306000008C9 /* Project object */ = {
			isa = PBXProject;
			attributes = {
				BuildIndependentTargetsInParallel = 1;
				LastSwiftUpdateCheck = 1340;
				LastUpgradeCheck = 1340;
				TargetAttributes = {
					35B393E428BFB306000008C9 = {
						CreatedOnToolsVersion = 13.4.1;
					};
				};
			};
			buildConfigurationList = 35B393E028BFB306000008C9 /* Build configuration list for PBXProject "SeSACexam02" */;
			compatibilityVersion = "Xcode 13.0";
			developmentRegion = en;
			hasScannedForEncodings = 0;
			knownRegions = (
				en,
				Base,
			);
			mainGroup = 35B393DC28BFB306000008C9;
			packageReferences = (
				35149A8E28C083DA00F2C4BD /* XCRemoteSwiftPackageReference "SnapKit" */,
				35149A9128C083FC00F2C4BD /* XCRemoteSwiftPackageReference "Then" */,
				35149A9428C0844700F2C4BD /* XCRemoteSwiftPackageReference "realm-swift" */,
				3518634128C1F9970098D7A1 /* XCRemoteSwiftPackageReference "IQKeyboardManager" */,
			);
			productRefGroup = 35B393E628BFB306000008C9 /* Products */;
			projectDirPath = "";
			projectRoot = "";
			targets = (
				35B393E428BFB306000008C9 /* SeSACexam02 */,
			);
		};
/* End PBXProject section */

/* Begin PBXResourcesBuildPhase section */
		35B393E328BFB306000008C9 /* Resources */ = {
			isa = PBXResourcesBuildPhase;
			buildActionMask = 2147483647;
			files = (
				35B393F528BFB308000008C9 /* LaunchScreen.storyboard in Resources */,
				35B393F228BFB308000008C9 /* Assets.xcassets in Resources */,
				35B393F028BFB306000008C9 /* Main.storyboard in Resources */,
			);
			runOnlyForDeploymentPostprocessing = 0;
		};
/* End PBXResourcesBuildPhase section */

/* Begin PBXSourcesBuildPhase section */
		35B393E128BFB306000008C9 /* Sources */ = {
			isa = PBXSourcesBuildPhase;
			buildActionMask = 2147483647;
			files = (
				35149AA128C129DB00F2C4BD /* MainTableViewCell.swift in Sources */,
				35149AA528C17AE200F2C4BD /* MainModel.swift in Sources */,
				35149AA928C1804A00F2C4BD /* WriteView.swift in Sources */,
				35B393ED28BFB306000008C9 /* ViewController.swift in Sources */,
				35149AA328C12A1C00F2C4BD /* ReusableProtocol.swift in Sources */,
				35149A9A28C10F8600F2C4BD /* WelcomeViewController.swift in Sources */,
				3551E1DC28C5D1D80068157C /* RealmManager.swift in Sources */,
				35B393E928BFB306000008C9 /* AppDelegate.swift in Sources */,
				35149AA728C1803900F2C4BD /* WriteViewController.swift in Sources */,
				35B393EB28BFB306000008C9 /* SceneDelegate.swift in Sources */,
				3518633F28C1EA6E0098D7A1 /* memoModel.swift in Sources */,
				35149A9C28C10F9300F2C4BD /* WelcomeView.swift in Sources */,
				35149A8928C0829300F2C4BD /* BaseView.swift in Sources */,
				35149A9F28C11C8800F2C4BD /* UserDefault.swift in Sources */,
				35149A8728C0828A00F2C4BD /* MainView.swift in Sources */,
				35149A8B28C0829C00F2C4BD /* BaseViewController.swift in Sources */,
				35149A8528C0827D00F2C4BD /* MainViewController.swift in Sources */,
			);
			runOnlyForDeploymentPostprocessing = 0;
		};
/* End PBXSourcesBuildPhase section */

/* Begin PBXVariantGroup section */
		35B393EE28BFB306000008C9 /* Main.storyboard */ = {
			isa = PBXVariantGroup;
			children = (
				35B393EF28BFB306000008C9 /* Base */,
			);
			name = Main.storyboard;
			sourceTree = "<group>";
		};
		35B393F328BFB308000008C9 /* LaunchScreen.storyboard */ = {
			isa = PBXVariantGroup;
			children = (
				35B393F428BFB308000008C9 /* Base */,
			);
			name = LaunchScreen.storyboard;
			sourceTree = "<group>";
		};
/* End PBXVariantGroup section */

/* Begin XCBuildConfiguration section */
		35B393F728BFB308000008C9 /* Debug */ = {
			isa = XCBuildConfiguration;
			buildSettings = {
				ALWAYS_SEARCH_USER_PATHS = NO;
				CLANG_ANALYZER_NONNULL = YES;
				CLANG_ANALYZER_NUMBER_OBJECT_CONVERSION = YES_AGGRESSIVE;
				CLANG_CXX_LANGUAGE_STANDARD = "gnu++17";
				CLANG_ENABLE_MODULES = YES;
				CLANG_ENABLE_OBJC_ARC = YES;
				CLANG_ENABLE_OBJC_WEAK = YES;
				CLANG_WARN_BLOCK_CAPTURE_AUTORELEASING = YES;
				CLANG_WARN_BOOL_CONVERSION = YES;
				CLANG_WARN_COMMA = YES;
				CLANG_WARN_CONSTANT_CONVERSION = YES;
				CLANG_WARN_DEPRECATED_OBJC_IMPLEMENTATIONS = YES;
				CLANG_WARN_DIRECT_OBJC_ISA_USAGE = YES_ERROR;
				CLANG_WARN_DOCUMENTATION_COMMENTS = YES;
				CLANG_WARN_EMPTY_BODY = YES;
				CLANG_WARN_ENUM_CONVERSION = YES;
				CLANG_WARN_INFINITE_RECURSION = YES;
				CLANG_WARN_INT_CONVERSION = YES;
				CLANG_WARN_NON_LITERAL_NULL_CONVERSION = YES;
				CLANG_WARN_OBJC_IMPLICIT_RETAIN_SELF = YES;
				CLANG_WARN_OBJC_LITERAL_CONVERSION = YES;
				CLANG_WARN_OBJC_ROOT_CLASS = YES_ERROR;
				CLANG_WARN_QUOTED_INCLUDE_IN_FRAMEWORK_HEADER = YES;
				CLANG_WARN_RANGE_LOOP_ANALYSIS = YES;
				CLANG_WARN_STRICT_PROTOTYPES = YES;
				CLANG_WARN_SUSPICIOUS_MOVE = YES;
				CLANG_WARN_UNGUARDED_AVAILABILITY = YES_AGGRESSIVE;
				CLANG_WARN_UNREACHABLE_CODE = YES;
				CLANG_WARN__DUPLICATE_METHOD_MATCH = YES;
				COPY_PHASE_STRIP = NO;
				DEBUG_INFORMATION_FORMAT = dwarf;
				ENABLE_STRICT_OBJC_MSGSEND = YES;
				ENABLE_TESTABILITY = YES;
				GCC_C_LANGUAGE_STANDARD = gnu11;
				GCC_DYNAMIC_NO_PIC = NO;
				GCC_NO_COMMON_BLOCKS = YES;
				GCC_OPTIMIZATION_LEVEL = 0;
				GCC_PREPROCESSOR_DEFINITIONS = (
					"DEBUG=1",
					"$(inherited)",
				);
				GCC_WARN_64_TO_32_BIT_CONVERSION = YES;
				GCC_WARN_ABOUT_RETURN_TYPE = YES_ERROR;
				GCC_WARN_UNDECLARED_SELECTOR = YES;
				GCC_WARN_UNINITIALIZED_AUTOS = YES_AGGRESSIVE;
				GCC_WARN_UNUSED_FUNCTION = YES;
				GCC_WARN_UNUSED_VARIABLE = YES;
				IPHONEOS_DEPLOYMENT_TARGET = 15.5;
				MTL_ENABLE_DEBUG_INFO = INCLUDE_SOURCE;
				MTL_FAST_MATH = YES;
				ONLY_ACTIVE_ARCH = YES;
				SDKROOT = iphoneos;
				SWIFT_ACTIVE_COMPILATION_CONDITIONS = DEBUG;
				SWIFT_OPTIMIZATION_LEVEL = "-Onone";
			};
			name = Debug;
		};
		35B393F828BFB308000008C9 /* Release */ = {
			isa = XCBuildConfiguration;
			buildSettings = {
				ALWAYS_SEARCH_USER_PATHS = NO;
				CLANG_ANALYZER_NONNULL = YES;
				CLANG_ANALYZER_NUMBER_OBJECT_CONVERSION = YES_AGGRESSIVE;
				CLANG_CXX_LANGUAGE_STANDARD = "gnu++17";
				CLANG_ENABLE_MODULES = YES;
				CLANG_ENABLE_OBJC_ARC = YES;
				CLANG_ENABLE_OBJC_WEAK = YES;
				CLANG_WARN_BLOCK_CAPTURE_AUTORELEASING = YES;
				CLANG_WARN_BOOL_CONVERSION = YES;
				CLANG_WARN_COMMA = YES;
				CLANG_WARN_CONSTANT_CONVERSION = YES;
				CLANG_WARN_DEPRECATED_OBJC_IMPLEMENTATIONS = YES;
				CLANG_WARN_DIRECT_OBJC_ISA_USAGE = YES_ERROR;
				CLANG_WARN_DOCUMENTATION_COMMENTS = YES;
				CLANG_WARN_EMPTY_BODY = YES;
				CLANG_WARN_ENUM_CONVERSION = YES;
				CLANG_WARN_INFINITE_RECURSION = YES;
				CLANG_WARN_INT_CONVERSION = YES;
				CLANG_WARN_NON_LITERAL_NULL_CONVERSION = YES;
				CLANG_WARN_OBJC_IMPLICIT_RETAIN_SELF = YES;
				CLANG_WARN_OBJC_LITERAL_CONVERSION = YES;
				CLANG_WARN_OBJC_ROOT_CLASS = YES_ERROR;
				CLANG_WARN_QUOTED_INCLUDE_IN_FRAMEWORK_HEADER = YES;
				CLANG_WARN_RANGE_LOOP_ANALYSIS = YES;
				CLANG_WARN_STRICT_PROTOTYPES = YES;
				CLANG_WARN_SUSPICIOUS_MOVE = YES;
				CLANG_WARN_UNGUARDED_AVAILABILITY = YES_AGGRESSIVE;
				CLANG_WARN_UNREACHABLE_CODE = YES;
				CLANG_WARN__DUPLICATE_METHOD_MATCH = YES;
				COPY_PHASE_STRIP = NO;
				DEBUG_INFORMATION_FORMAT = "dwarf-with-dsym";
				ENABLE_NS_ASSERTIONS = NO;
				ENABLE_STRICT_OBJC_MSGSEND = YES;
				GCC_C_LANGUAGE_STANDARD = gnu11;
				GCC_NO_COMMON_BLOCKS = YES;
				GCC_WARN_64_TO_32_BIT_CONVERSION = YES;
				GCC_WARN_ABOUT_RETURN_TYPE = YES_ERROR;
				GCC_WARN_UNDECLARED_SELECTOR = YES;
				GCC_WARN_UNINITIALIZED_AUTOS = YES_AGGRESSIVE;
				GCC_WARN_UNUSED_FUNCTION = YES;
				GCC_WARN_UNUSED_VARIABLE = YES;
				IPHONEOS_DEPLOYMENT_TARGET = 15.5;
				MTL_ENABLE_DEBUG_INFO = NO;
				MTL_FAST_MATH = YES;
				SDKROOT = iphoneos;
				SWIFT_COMPILATION_MODE = wholemodule;
				SWIFT_OPTIMIZATION_LEVEL = "-O";
				VALIDATE_PRODUCT = YES;
			};
			name = Release;
		};
		35B393FA28BFB308000008C9 /* Debug */ = {
			isa = XCBuildConfiguration;
			buildSettings = {
				ASSETCATALOG_COMPILER_APPICON_NAME = AppIcon;
				ASSETCATALOG_COMPILER_GLOBAL_ACCENT_COLOR_NAME = AccentColor;
				CODE_SIGN_STYLE = Automatic;
				CURRENT_PROJECT_VERSION = 1;
				DEVELOPMENT_TEAM = BG68R7N92W;
				GENERATE_INFOPLIST_FILE = YES;
				INFOPLIST_FILE = SeSACexam02/Info.plist;
				INFOPLIST_KEY_UIApplicationSupportsIndirectInputEvents = YES;
				INFOPLIST_KEY_UILaunchStoryboardName = LaunchScreen;
				INFOPLIST_KEY_UIMainStoryboardFile = Main;
				INFOPLIST_KEY_UISupportedInterfaceOrientations = "UIInterfaceOrientationPortrait UIInterfaceOrientationLandscapeLeft UIInterfaceOrientationLandscapeRight";
				INFOPLIST_KEY_UISupportedInterfaceOrientations_iPad = "UIInterfaceOrientationPortrait UIInterfaceOrientationPortraitUpsideDown UIInterfaceOrientationLandscapeLeft UIInterfaceOrientationLandscapeRight";
				INFOPLIST_KEY_UISupportedInterfaceOrientations_iPhone = "UIInterfaceOrientationPortrait UIInterfaceOrientationLandscapeLeft UIInterfaceOrientationLandscapeRight";
				IPHONEOS_DEPLOYMENT_TARGET = 13.0;
				LD_RUNPATH_SEARCH_PATHS = (
					"$(inherited)",
					"@executable_path/Frameworks",
				);
				MARKETING_VERSION = 1.0;
				PRODUCT_BUNDLE_IDENTIFIER = com.soul.SeSACexam02;
				PRODUCT_NAME = "$(TARGET_NAME)";
				SWIFT_EMIT_LOC_STRINGS = YES;
				SWIFT_VERSION = 5.0;
				TARGETED_DEVICE_FAMILY = 1;
			};
			name = Debug;
		};
		35B393FB28BFB308000008C9 /* Release */ = {
			isa = XCBuildConfiguration;
			buildSettings = {
				ASSETCATALOG_COMPILER_APPICON_NAME = AppIcon;
				ASSETCATALOG_COMPILER_GLOBAL_ACCENT_COLOR_NAME = AccentColor;
				CODE_SIGN_STYLE = Automatic;
				CURRENT_PROJECT_VERSION = 1;
				DEVELOPMENT_TEAM = BG68R7N92W;
				GENERATE_INFOPLIST_FILE = YES;
				INFOPLIST_FILE = SeSACexam02/Info.plist;
				INFOPLIST_KEY_UIApplicationSupportsIndirectInputEvents = YES;
				INFOPLIST_KEY_UILaunchStoryboardName = LaunchScreen;
				INFOPLIST_KEY_UIMainStoryboardFile = Main;
				INFOPLIST_KEY_UISupportedInterfaceOrientations = "UIInterfaceOrientationPortrait UIInterfaceOrientationLandscapeLeft UIInterfaceOrientationLandscapeRight";
				INFOPLIST_KEY_UISupportedInterfaceOrientations_iPad = "UIInterfaceOrientationPortrait UIInterfaceOrientationPortraitUpsideDown UIInterfaceOrientationLandscapeLeft UIInterfaceOrientationLandscapeRight";
				INFOPLIST_KEY_UISupportedInterfaceOrientations_iPhone = "UIInterfaceOrientationPortrait UIInterfaceOrientationLandscapeLeft UIInterfaceOrientationLandscapeRight";
				IPHONEOS_DEPLOYMENT_TARGET = 13.0;
				LD_RUNPATH_SEARCH_PATHS = (
					"$(inherited)",
					"@executable_path/Frameworks",
				);
				MARKETING_VERSION = 1.0;
				PRODUCT_BUNDLE_IDENTIFIER = com.soul.SeSACexam02;
				PRODUCT_NAME = "$(TARGET_NAME)";
				SWIFT_EMIT_LOC_STRINGS = YES;
				SWIFT_VERSION = 5.0;
				TARGETED_DEVICE_FAMILY = 1;
			};
			name = Release;
		};
/* End XCBuildConfiguration section */

/* Begin XCConfigurationList section */
		35B393E028BFB306000008C9 /* Build configuration list for PBXProject "SeSACexam02" */ = {
			isa = XCConfigurationList;
			buildConfigurations = (
				35B393F728BFB308000008C9 /* Debug */,
				35B393F828BFB308000008C9 /* Release */,
			);
			defaultConfigurationIsVisible = 0;
			defaultConfigurationName = Release;
		};
		35B393F928BFB308000008C9 /* Build configuration list for PBXNativeTarget "SeSACexam02" */ = {
			isa = XCConfigurationList;
			buildConfigurations = (
				35B393FA28BFB308000008C9 /* Debug */,
				35B393FB28BFB308000008C9 /* Release */,
			);
			defaultConfigurationIsVisible = 0;
			defaultConfigurationName = Release;
		};
/* End XCConfigurationList section */

/* Begin XCRemoteSwiftPackageReference section */
		35149A8E28C083DA00F2C4BD /* XCRemoteSwiftPackageReference "SnapKit" */ = {
			isa = XCRemoteSwiftPackageReference;
			repositoryURL = "https://github.com/SnapKit/SnapKit.git";
			requirement = {
				kind = upToNextMajorVersion;
				minimumVersion = 5.0.0;
			};
		};
		35149A9128C083FC00F2C4BD /* XCRemoteSwiftPackageReference "Then" */ = {
			isa = XCRemoteSwiftPackageReference;
			repositoryURL = "https://github.com/devxoul/Then.git";
			requirement = {
				kind = upToNextMajorVersion;
				minimumVersion = 3.0.0;
			};
		};
		35149A9428C0844700F2C4BD /* XCRemoteSwiftPackageReference "realm-swift" */ = {
			isa = XCRemoteSwiftPackageReference;
			repositoryURL = "https://github.com/realm/realm-swift.git";
			requirement = {
				kind = upToNextMajorVersion;
				minimumVersion = 10.0.0;
			};
		};
		3518634128C1F9970098D7A1 /* XCRemoteSwiftPackageReference "IQKeyboardManager" */ = {
			isa = XCRemoteSwiftPackageReference;
			repositoryURL = "https://github.com/hackiftekhar/IQKeyboardManager.git";
			requirement = {
				kind = upToNextMajorVersion;
				minimumVersion = 6.5.0;
			};
		};
/* End XCRemoteSwiftPackageReference section */

/* Begin XCSwiftPackageProductDependency section */
		35149A8F28C083DA00F2C4BD /* SnapKit */ = {
			isa = XCSwiftPackageProductDependency;
			package = 35149A8E28C083DA00F2C4BD /* XCRemoteSwiftPackageReference "SnapKit" */;
			productName = SnapKit;
		};
		35149A9228C083FC00F2C4BD /* Then */ = {
			isa = XCSwiftPackageProductDependency;
			package = 35149A9128C083FC00F2C4BD /* XCRemoteSwiftPackageReference "Then" */;
			productName = Then;
		};
		35149A9528C0844800F2C4BD /* Realm */ = {
			isa = XCSwiftPackageProductDependency;
			package = 35149A9428C0844700F2C4BD /* XCRemoteSwiftPackageReference "realm-swift" */;
			productName = Realm;
		};
		35149A9728C0844800F2C4BD /* RealmSwift */ = {
			isa = XCSwiftPackageProductDependency;
			package = 35149A9428C0844700F2C4BD /* XCRemoteSwiftPackageReference "realm-swift" */;
			productName = RealmSwift;
		};
		3518634228C1F9970098D7A1 /* IQKeyboardManagerSwift */ = {
			isa = XCSwiftPackageProductDependency;
			package = 3518634128C1F9970098D7A1 /* XCRemoteSwiftPackageReference "IQKeyboardManager" */;
			productName = IQKeyboardManagerSwift;
		};
/* End XCSwiftPackageProductDependency section */
	};
	rootObject = 35B393DD28BFB306000008C9 /* Project object */;
}
